{
  "name": "machine-front-end",
  "version": "0.1.0",
  "lockfileVersion": 1,
  "requires": true,
  "dependencies": {
    "@fortawesome/fontawesome-free": {
      "version": "5.11.2",
      "resolved": "https://registry.npmjs.org/@fortawesome/fontawesome-free/-/fontawesome-free-5.11.2.tgz",
      "integrity": "sha512-XiUPoS79r1G7PcpnNtq85TJ7inJWe0v+b5oZJZKb0pGHNIV6+UiNeQWiFGmuQ0aj7GEhnD/v9iqxIsjuRKtEnQ=="
    },
    "@tensorflow/tfjs": {
      "version": "1.3.0",
      "resolved": "https://registry.npmjs.org/@tensorflow/tfjs/-/tfjs-1.3.0.tgz",
      "integrity": "sha512-7XUwANupyeOer4W+WYxJJM8JaRjY3ZLkvp8J3AOS/IbgwVAmqy4/5kJXPgPTLk8qSp1YbrN/dcCvTwFGDLYdfw==",
      "requires": {
        "@tensorflow/tfjs-converter": "1.3.0",
        "@tensorflow/tfjs-core": "1.3.0",
        "@tensorflow/tfjs-data": "1.3.0",
        "@tensorflow/tfjs-layers": "1.3.0"
      }
    },
    "@tensorflow/tfjs-converter": {
      "version": "1.3.0",
      "resolved": "https://registry.npmjs.org/@tensorflow/tfjs-converter/-/tfjs-converter-1.3.0.tgz",
      "integrity": "sha512-GA/uewGFdVDRJNTmrvZeHDblQayR3X10P4WUoH+mORi9RvfH4z+GyTBN5jOd4p3U1W/UcJbLBCuyMFwPwJNJ7Q=="
    },
    "@tensorflow/tfjs-core": {
      "version": "1.3.0",
      "resolved": "https://registry.npmjs.org/@tensorflow/tfjs-core/-/tfjs-core-1.3.0.tgz",
      "integrity": "sha512-CLxcZS3nKdwyQYAkjTHFZ/QboqehQ8KWJmvHoA+4a5r96MB2BgIjmfFmRU1IbwqSSaHOtaEaxBUpcoqeBG86TQ==",
      "requires": {
        "@types/offscreencanvas": "~2019.3.0",
        "@types/seedrandom": "2.4.27",
        "@types/webgl-ext": "0.0.30",
        "@types/webgl2": "0.0.4",
        "node-fetch": "~2.1.2",
        "seedrandom": "2.4.3"
      }
    },
    "@tensorflow/tfjs-data": {
      "version": "1.3.0",
      "resolved": "https://registry.npmjs.org/@tensorflow/tfjs-data/-/tfjs-data-1.3.0.tgz",
      "integrity": "sha512-KqJH3ZRcJxyW6s45g72iiAHROBb4GuEXvkhgyJZZtsvFYRRtzG65AK5p3jixzqvtl1ypAlnyPs4vft+1zqQruw==",
      "requires": {
        "@types/node-fetch": "^2.1.2",
        "node-fetch": "~2.1.2"
      }
    },
    "@tensorflow/tfjs-layers": {
      "version": "1.3.0",
      "resolved": "https://registry.npmjs.org/@tensorflow/tfjs-layers/-/tfjs-layers-1.3.0.tgz",
      "integrity": "sha512-oKDvBYkJAzwkQF6WJMsJjM07HObEQs1/8IDFRzwU/MFNhGtwtsQoECY7pajJH1eaf4kngHAwhsF5uIGdXs3pjw=="
    },
    "@types/node": {
      "version": "12.11.7",
      "resolved": "https://registry.npmjs.org/@types/node/-/node-12.11.7.tgz",
      "integrity": "sha512-JNbGaHFCLwgHn/iCckiGSOZ1XYHsKFwREtzPwSGCVld1SGhOlmZw2D4ZI94HQCrBHbADzW9m4LER/8olJTRGHA=="
    },
    "@types/node-fetch": {
      "version": "2.5.2",
      "resolved": "https://registry.npmjs.org/@types/node-fetch/-/node-fetch-2.5.2.tgz",
      "integrity": "sha512-djYYKmdNRSBtL1x4CiE9UJb9yZhwtI1VC+UxZD0psNznrUj80ywsxKlEGAE+QL1qvLjPbfb24VosjkYM6W4RSQ==",
      "requires": {
        "@types/node": "*"
      }
    },
    "@types/offscreencanvas": {
      "version": "2019.3.0",
      "resolved": "https://registry.npmjs.org/@types/offscreencanvas/-/offscreencanvas-2019.3.0.tgz",
      "integrity": "sha512-esIJx9bQg+QYF0ra8GnvfianIY8qWB0GBx54PK5Eps6m+xTj86KLavHv6qDhzKcu5UUOgNfJ2pWaIIV7TRUd9Q=="
    },
    "@types/seedrandom": {
      "version": "2.4.27",
      "resolved": "https://registry.npmjs.org/@types/seedrandom/-/seedrandom-2.4.27.tgz",
      "integrity": "sha1-nbVjk33YaRX2kJK8QyWdL0hXjkE="
    },
    "@types/webgl-ext": {
      "version": "0.0.30",
      "resolved": "https://registry.npmjs.org/@types/webgl-ext/-/webgl-ext-0.0.30.tgz",
      "integrity": "sha512-LKVgNmBxN0BbljJrVUwkxwRYqzsAEPcZOe6S2T6ZaBDIrFp0qu4FNlpc5sM1tGbXUYFgdVQIoeLk1Y1UoblyEg=="
    },
    "@types/webgl2": {
      "version": "0.0.4",
      "resolved": "https://registry.npmjs.org/@types/webgl2/-/webgl2-0.0.4.tgz",
      "integrity": "sha512-PACt1xdErJbMUOUweSrbVM7gSIYm1vTncW2hF6Os/EeWi6TXYAYMPp+8v6rzHmypE5gHrxaxZNXgMkJVIdZpHw=="
    },
    "bootstrap": {
      "version": "4.3.1",
      "resolved": "https://registry.npmjs.org/bootstrap/-/bootstrap-4.3.1.tgz",
      "integrity": "sha512-rXqOmH1VilAt2DyPzluTi2blhk17bO7ef+zLLPlWvG494pDxcM234pJ8wTc/6R40UWizAIIMgxjvxZg5kmsbag=="
    },
    "jquery": {
      "version": "3.4.1",
      "resolved": "https://registry.npmjs.org/jquery/-/jquery-3.4.1.tgz",
      "integrity": "sha512-36+AdBzCL+y6qjw5Tx7HgzeGCzC81MDDgaUP8ld2zhx58HdqXGoBd+tHdrBMiyjGQs0Hxs/MLZTu/eHNJJuWPw=="
    },
    "node-fetch": {
      "version": "2.1.2",
      "resolved": "https://registry.npmjs.org/node-fetch/-/node-fetch-2.1.2.tgz",
      "integrity": "sha1-q4hOjn5X44qUR1POxwb3iNF2i7U="
    },
    "popper.js": {
      "version": "1.16.0",
      "resolved": "https://registry.npmjs.org/popper.js/-/popper.js-1.16.0.tgz",
      "integrity": "sha512-+G+EkOPoE5S/zChTpmBSSDYmhXJ5PsW8eMhH8cP/CQHMFPBG/kC9Y5IIw6qNYgdJ+/COf0ddY2li28iHaZRSjw=="
    },
    "seedrandom": {
      "version": "2.4.3",
      "resolved": "https://registry.npmjs.org/seedrandom/-/seedrandom-2.4.3.tgz",
      "integrity": "sha1-JDhQTa0zkXMUv/GKxNeU8W1qrsw="
    }
  }
}
